
Microsoft Visual Studio Solution File, Format Version 12.00
# Visual Studio Version 16
VisualStudioVersion = 16.0.30413.136
MinimumVisualStudioVersion = 10.0.40219.1
Project("{FAE04EC0-301F-11D3-BF4B-00C04F79EFBC}") = "WindowsFormsApp5", "WindowsFormsApp5\WindowsFormsApp5.csproj", "{FEFB641D-92BA-4C1D-86D3-9D773DD6EB0B}"
EndProject
Global
	GlobalSection(SolutionConfigurationPlatforms) = preSolution
		Debug|Any CPU = Debug|Any CPU
		Release|Any CPU = Release|Any CPU
	EndGlobalSection
	GlobalSection(ProjectConfigurationPlatforms) = postSolution
		{FEFB641D-92BA-4C1D-86D3-9D773DD6EB0B}.Debug|Any CPU.ActiveCfg = Debug|Any CPU
		{FEFB641D-92BA-4C1D-86D3-9D773DD6EB0B}.Debug|Any CPU.Build.0 = Debug|Any CPU
		{FEFB641D-92BA-4C1D-86D3-9D773DD6EB0B}.Release|Any CPU.ActiveCfg = Release|Any CPU
		{FEFB641D-92BA-4C1D-86D3-9D773DD6EB0B}.Release|Any CPU.Build.0 = Release|Any CPU
	EndGlobalSection
	GlobalSection(SolutionProperties) = preSolution
		HideSolutionNode = FALSE
	EndGlobalSection
	GlobalSection(ExtensibilityGlobals) = postSolution
		SolutionGuid = {47134A64-83B8-413F-A8FD-A9F55A6F2357}
	EndGlobalSection
EndGlobal
