
Microsoft Visual Studio Solution File, Format Version 12.00
# Visual Studio Version 16
VisualStudioVersion = 16.0.30011.22
MinimumVisualStudioVersion = 10.0.40219.1
Project("{FAE04EC0-301F-11D3-BF4B-00C04F79EFBC}") = "ConsoleApp5.4", "ConsoleApp5.4\ConsoleApp5.4.csproj", "{049DF5BB-0A28-4AE1-92E0-A09ECFE3270F}"
EndProject
Global
	GlobalSection(SolutionConfigurationPlatforms) = preSolution
		Debug|Any CPU = Debug|Any CPU
		Release|Any CPU = Release|Any CPU
	EndGlobalSection
	GlobalSection(ProjectConfigurationPlatforms) = postSolution
		{049DF5BB-0A28-4AE1-92E0-A09ECFE3270F}.Debug|Any CPU.ActiveCfg = Debug|Any CPU
		{049DF5BB-0A28-4AE1-92E0-A09ECFE3270F}.Debug|Any CPU.Build.0 = Debug|Any CPU
		{049DF5BB-0A28-4AE1-92E0-A09ECFE3270F}.Release|Any CPU.ActiveCfg = Release|Any CPU
		{049DF5BB-0A28-4AE1-92E0-A09ECFE3270F}.Release|Any CPU.Build.0 = Release|Any CPU
	EndGlobalSection
	GlobalSection(SolutionProperties) = preSolution
		HideSolutionNode = FALSE
	EndGlobalSection
	GlobalSection(ExtensibilityGlobals) = postSolution
		SolutionGuid = {34180A6C-5088-40D6-BE26-BD3743E47164}
	EndGlobalSection
EndGlobal
