
Microsoft Visual Studio Solution File, Format Version 12.00
# Visual Studio Version 16
VisualStudioVersion = 16.0.30413.136
MinimumVisualStudioVersion = 10.0.40219.1
Project("{888888A0-9F3D-457C-B088-3A5042F75D52}") = "WebProject1", "WebProject1\WebProject1.pyproj", "{93C18BA6-2F77-4C74-BBE8-DBB894BD6A31}"
EndProject
Global
	GlobalSection(SolutionConfigurationPlatforms) = preSolution
		Debug|Any CPU = Debug|Any CPU
		Release|Any CPU = Release|Any CPU
	EndGlobalSection
	GlobalSection(ProjectConfigurationPlatforms) = postSolution
		{93C18BA6-2F77-4C74-BBE8-DBB894BD6A31}.Debug|Any CPU.ActiveCfg = Debug|Any CPU
		{93C18BA6-2F77-4C74-BBE8-DBB894BD6A31}.Debug|Any CPU.Build.0 = Debug|Any CPU
		{93C18BA6-2F77-4C74-BBE8-DBB894BD6A31}.Release|Any CPU.ActiveCfg = Release|Any CPU
		{93C18BA6-2F77-4C74-BBE8-DBB894BD6A31}.Release|Any CPU.Build.0 = Release|Any CPU
	EndGlobalSection
	GlobalSection(SolutionProperties) = preSolution
		HideSolutionNode = FALSE
	EndGlobalSection
	GlobalSection(ExtensibilityGlobals) = postSolution
		SolutionGuid = {1928809A-C84C-4A9B-8D58-FD608CE293F0}
	EndGlobalSection
EndGlobal
