
Microsoft Visual Studio Solution File, Format Version 12.00
# Visual Studio Version 16
VisualStudioVersion = 16.0.30413.136
MinimumVisualStudioVersion = 10.0.40219.1
Project("{888888A0-9F3D-457C-B088-3A5042F75D52}") = "PythonApplication12", "PythonApplication12\PythonApplication12.pyproj", "{BE5ADDCA-DD43-4707-8F19-3ECF2493C222}"
EndProject
Project("{888888A0-9F3D-457C-B088-3A5042F75D52}") = "PythonApplication5", "..\PythonApplication5\PythonApplication5\PythonApplication5.pyproj", "{D92DED43-20D5-4B29-9222-FF888490FB3B}"
EndProject
Global
	GlobalSection(SolutionConfigurationPlatforms) = preSolution
		Debug|Any CPU = Debug|Any CPU
		Release|Any CPU = Release|Any CPU
	EndGlobalSection
	GlobalSection(ProjectConfigurationPlatforms) = postSolution
		{BE5ADDCA-DD43-4707-8F19-3ECF2493C222}.Debug|Any CPU.ActiveCfg = Debug|Any CPU
		{BE5ADDCA-DD43-4707-8F19-3ECF2493C222}.Release|Any CPU.ActiveCfg = Release|Any CPU
		{D92DED43-20D5-4B29-9222-FF888490FB3B}.Debug|Any CPU.ActiveCfg = Debug|Any CPU
		{D92DED43-20D5-4B29-9222-FF888490FB3B}.Release|Any CPU.ActiveCfg = Release|Any CPU
	EndGlobalSection
	GlobalSection(SolutionProperties) = preSolution
		HideSolutionNode = FALSE
	EndGlobalSection
	GlobalSection(ExtensibilityGlobals) = postSolution
		SolutionGuid = {328DF2E6-A16E-4720-8D7A-65DC02FB27FA}
	EndGlobalSection
EndGlobal
