
Microsoft Visual Studio Solution File, Format Version 12.00
# Visual Studio Version 16
VisualStudioVersion = 16.0.30413.136
MinimumVisualStudioVersion = 10.0.40219.1
Project("{888888A0-9F3D-457C-B088-3A5042F75D52}") = "PythonApplication8", "PythonApplication8\PythonApplication8.pyproj", "{2278709F-3293-4ADC-91D3-421629FE01C1}"
EndProject
Global
	GlobalSection(SolutionConfigurationPlatforms) = preSolution
		Debug|Any CPU = Debug|Any CPU
		Release|Any CPU = Release|Any CPU
	EndGlobalSection
	GlobalSection(ProjectConfigurationPlatforms) = postSolution
		{2278709F-3293-4ADC-91D3-421629FE01C1}.Debug|Any CPU.ActiveCfg = Debug|Any CPU
		{2278709F-3293-4ADC-91D3-421629FE01C1}.Release|Any CPU.ActiveCfg = Release|Any CPU
	EndGlobalSection
	GlobalSection(SolutionProperties) = preSolution
		HideSolutionNode = FALSE
	EndGlobalSection
	GlobalSection(ExtensibilityGlobals) = postSolution
		SolutionGuid = {BB9990A4-D889-4B49-9CA6-905033E24C37}
	EndGlobalSection
EndGlobal
